Microsoft Visual Studio Solution File, Format Version 11.00
# Visual Studio 2008

Project("{495998CB-D5AF-C5E2-881F-4A6D1167FD85}") = "Steffen's 2d golfer", "Assembly-CSharp.csproj", "{DB13BB8E-3C9C-A420-F58F-0DFCEA1D3A0E}"
EndProject
Global
	GlobalSection(SolutionConfigurationPlatforms) = preSolution
		Debug|Any CPU = Debug|Any CPU
		Release|Any CPU = Release|Any CPU
	EndGlobalSection
	GlobalSection(ProjectConfigurationPlatforms) = postSolution
		{DB13BB8E-3C9C-A420-F58F-0DFCEA1D3A0E}.Debug|Any CPU.ActiveCfg = Debug|Any CPU
		{DB13BB8E-3C9C-A420-F58F-0DFCEA1D3A0E}.Debug|Any CPU.Build.0 = Debug|Any CPU
		{DB13BB8E-3C9C-A420-F58F-0DFCEA1D3A0E}.Release|Any CPU.ActiveCfg = Release|Any CPU
		{DB13BB8E-3C9C-A420-F58F-0DFCEA1D3A0E}.Release|Any CPU.Build.0 = Release|Any CPU
	EndGlobalSection
	GlobalSection(SolutionProperties) = preSolution
		HideSolutionNode = FALSE
	EndGlobalSection
	GlobalSection(MonoDevelopProperties) = preSolution
		StartupItem = Assembly-CSharp.csproj
	EndGlobalSection
EndGlobal
